{
    "_meta": {
        "hash": {
            "sha256": "34b733fb048ad09346f8f8ed604542c4857aafcc089253c1e0c5e081807fdfb4"
        },
        "pipfile-spec": 6,
        "requires": {
            "python_version": "3.7"
        },
        "sources": [
            {
                "name": "pypi",
                "url": "https://pypi.org/simple",
                "verify_ssl": true
            }
        ]
    },
    "default": {
        "asn1crypto": {
            "hashes": [
                "sha256:2f1adbb7546ed199e3c90ef23ec95c5cf3585bac7d11fb7eb562a3fe89c64e87",
                "sha256:9d5c20441baf0cb60a4ac34cc447c6c189024b6b4c6cd7877034f4965c464e49"
            ],
            "version": "==0.24.0"
        },
        "boto": {
            "hashes": [
                "sha256:147758d41ae7240dc989f0039f27da8ca0d53734be0eb869ef16e3adcfa462e8",
                "sha256:ea0d3b40a2d852767be77ca343b58a9e3a4b00d9db440efb8da74b4e58025e5a"
            ],
            "index": "pypi",
            "version": "==2.49.0"
        },
        "boto3": {
            "hashes": [
                "sha256:9652ca2f1698559855cf8befb2f713486bbcc57843f26eb7d4a4f222665e328b",
                "sha256:b49480e26e212a4feb0d9d408a0f1ed246755b4e1b5e90e765ceb0118202913b"
            ],
            "index": "pypi",
            "version": "==1.9.95"
        },
        "botocore": {
            "hashes": [
                "sha256:226c55f4be702c84561e43a2ced5738faefa277a9ec31ee0064fce478f18730d",
                "sha256:6d04f1211e132eabcd3d13d87b45d3243bae18acd03c7e3e6767ec68e55f256e"
            ],
            "version": "==1.12.95"
        },
        "cachetools": {
            "hashes": [
                "sha256:219b7dc6024195b6f2bc3d3f884d1fef458745cd323b04165378622dcc823852",
                "sha256:9efcc9fab3b49ab833475702b55edd5ae07af1af7a4c627678980b45e459c460"
            ],
            "version": "==3.1.0"
        },
        "certifi": {
            "hashes": [
                "sha256:47f9c83ef4c0c621eaef743f133f09fa8a74a9b75f037e8624f83bd1b6626cb7",
                "sha256:993f830721089fef441cdfeb4b2c8c9df86f0c63239f06bd025a76a7daddb033"
            ],
            "version": "==2018.11.29"
        },
        "cffi": {
            "hashes": [
                "sha256:08090454ff236239e583a9119d0502a6b9817594c0a3714dd1d8593f2350ba11",
                "sha256:0fd93b32d96d7ce46d0fb0db6d82f73e2e6ee37696a0fed152240c780ff99d16",
                "sha256:11651532fefba063d372e41826ab669b666d7a92e90dd019f31aefa7cf18e0e0",
                "sha256:116b32a34c862dac9a0c8c28e68fa7d63750068443d0bb595c090c70de7bf080",
                "sha256:1ec69cca03f9e8e6e2e835f44a1572e0b6d6130aa71a2100459ee33a6c370e04",
                "sha256:22151b858c916f0765734bcfbf69a986b127260f95f5cb829128c02863c14626",
                "sha256:22558c0c4d9640b0869c51bbd8761dbf610cec03db6c7ec8471c4371e7450141",
                "sha256:2e556610fcf5d4c41d480221dec071d517096ff452053b6f4eacfa20fec0dbce",
                "sha256:3991da7c291c8c80a4c53303e0abb857bc3598af27fbe203214ddd13dc7cf33a",
                "sha256:39f47648b5f2755aa977b37fc49581bdd3d0a500eb31f61c034af2ff05d6f56f",
                "sha256:430fa07eb38761a720aac338202fc15cbe9897deef50fa7f8afc2217b85213da",
                "sha256:598fcf6173ea45e5c82ca525cf47a956d1406e8f350bd471049630c4897c8f0a",
                "sha256:6c96839af24f3edd2f6b44f8b7cf5d1fc1ad1f0da1c9fb2227a4239707adfdb7",
                "sha256:830831d20030c17d62b7ca3987a09f02c193ff2d2c46dc0dff53d89071dd806e",
                "sha256:84fe536dc89877b722b5b4ea578f5beac60759363513aeb1df6ec914c6dd6ba1",
                "sha256:8a1f16671de9cd41b508f9b2c82de2523f568103b4c32cdeee3c6ed777005766",
                "sha256:9b658f51245abb1ed6a5467ca58933e912ea6039327745655de6753f848fb98a",
                "sha256:ad86d01920b90384d7b2fe0df7e75dc06562471e14aa0905351fecd31007016b",
                "sha256:b107c3f195af098e2b2ea9cc55074e15ee9af6449e63d58ff5b0b75841c49833",
                "sha256:b8a36ff55ec3d22bd4c2baac080b48a9c9fe0af5df363fa1dee7c334dfb06519",
                "sha256:be8a266b312707584762036c65d5aa34c56319c6e60536ad8d3f1255d209b2a7",
                "sha256:bedbb01c0e4fb12f41b2c951723acb4e8305892598e391b89d6a4e6ba5989a63",
                "sha256:ddf1824a0f04f324f1d380f44893abb57394379763e4ed6200bc188f33b32325",
                "sha256:dfe74188ee1afd0ebfeff31b056aac8b72016f6b0364f90eb3284dc29bf1619a",
                "sha256:e0eaa6da93e87229f2d8e133c3baa459ed626e374d20486e2dc94a8e9d2f019d",
                "sha256:e5eb00a6e1058806a41e3f5a30e4c826ec97d98957302c78909fb8ee98d0266e",
                "sha256:fa1e30ea308da2ffa91a35042e612340e7c7fcd8614581c85139850b2e18fd17"
            ],
            "version": "==1.12.0"
        },
        "chardet": {
            "hashes": [
                "sha256:84ab92ed1c4d4f16916e05906b6b75a6c0fb5db821cc65e70cbd64a3e2a5eaae",
                "sha256:fc323ffcaeaed0e0a02bf4d117757b98aed530d9ed4531e3e15460124c106691"
            ],
            "version": "==3.0.4"
        },
        "click": {
            "hashes": [
                "sha256:2335065e6395b9e67ca716de5f7526736bfa6ceead690adf616d925bdc622b13",
                "sha256:5b94b49521f6456670fdb30cd82a4eca9412788a93fa6dd6df72c94d5a8ff2d7"
            ],
            "version": "==7.0"
        },
        "cryptography": {
            "hashes": [
                "sha256:05b3ded5e88747d28ee3ef493f2b92cbb947c1e45cf98cfef22e6d38bb67d4af",
                "sha256:06826e7f72d1770e186e9c90e76b4f84d90cdb917b47ff88d8dc59a7b10e2b1e",
                "sha256:08b753df3672b7066e74376f42ce8fc4683e4fd1358d34c80f502e939ee944d2",
                "sha256:2cd29bd1911782baaee890544c653bb03ec7d95ebeb144d714b0f5c33deb55c7",
                "sha256:31e5637e9036d966824edaa91bf0aa39dc6f525a1c599f39fd5c50340264e079",
                "sha256:42fad67d7072216a49e34f923d8cbda9edacbf6633b19a79655e88a1b4857063",
                "sha256:4946b67235b9d2ea7d31307be9d5ad5959d6c4a8f98f900157b47abddf698401",
                "sha256:522fdb2809603ee97a4d0ef2f8d617bc791eb483313ba307cb9c0a773e5e5695",
                "sha256:6f841c7272645dd7c65b07b7108adfa8af0aaea57f27b7f59e01d41f75444c85",
                "sha256:7d335e35306af5b9bc0560ca39f740dfc8def72749645e193dd35be11fb323b3",
                "sha256:8504661ffe324837f5c4607347eeee4cf0fcad689163c6e9c8d3b18cf1f4a4ad",
                "sha256:9260b201ce584d7825d900c88700aa0bd6b40d4ebac7b213857bd2babee9dbca",
                "sha256:9a30384cc402eac099210ab9b8801b2ae21e591831253883decdb4513b77a3cd",
                "sha256:9e29af877c29338f0cab5f049ccc8bd3ead289a557f144376c4fbc7d1b98914f",
                "sha256:ab50da871bc109b2d9389259aac269dd1b7c7413ee02d06fe4e486ed26882159",
                "sha256:b13c80b877e73bcb6f012813c6f4a9334fcf4b0e96681c5a15dac578f2eedfa0",
                "sha256:bfe66b577a7118e05b04141f0f1ed0959552d45672aa7ecb3d91e319d846001e",
                "sha256:e091bd424567efa4b9d94287a952597c05d22155a13716bf5f9f746b9dc906d3",
                "sha256:fa2b38c8519c5a3aa6e2b4e1cf1a549b54acda6adb25397ff542068e73d1ed00"
            ],
            "version": "==2.5"
        },
        "docutils": {
            "hashes": [
                "sha256:02aec4bd92ab067f6ff27a38a38a41173bf01bed8f89157768c1573f53e474a6",
                "sha256:51e64ef2ebfb29cae1faa133b3710143496eca21c530f3f71424d77687764274",
                "sha256:7a4bd47eaf6596e1295ecb11361139febe29b084a87bf005bf899f9a42edc3c6"
            ],
            "version": "==0.14"
        },
        "enum34": {
            "hashes": [
                "sha256:2d81cbbe0e73112bdfe6ef8576f2238f2ba27dd0d55752a776c41d38b7da2850",
                "sha256:644837f692e5f550741432dd3f223bbb9852018674981b1664e5dc339387588a",
                "sha256:6bd0f6ad48ec2aa117d3d141940d484deccda84d4fcd884f5c3d93c23ecd8c79",
                "sha256:8ad8c4783bf61ded74527bffb48ed9b54166685e4230386a9ed9b1279e2df5b1"
            ],
            "markers": "python_version < '3'",
            "version": "==1.1.6"
        },
        "flask": {
            "hashes": [
                "sha256:2271c0070dbcb5275fad4a82e29f23ab92682dc45f9dfbc22c02ba9b9322ce48",
                "sha256:a080b744b7e345ccfcbc77954861cb05b3c63786e93f2b3875e0913d44b43f05"
            ],
            "index": "pypi",
            "version": "==1.0.2"
        },
        "future": {
            "hashes": [
                "sha256:67045236dcfd6816dc439556d009594abf643e5eb48992e36beac09c2ca659b8"
            ],
            "version": "==0.17.1"
        },
        "futures": {
            "hashes": [
                "sha256:9ec02aa7d674acb8618afb127e27fde7fc68994c0437ad759fa094a574adb265",
                "sha256:ec0a6cb848cc212002b9828c3e34c675e0c9ff6741dc445cab6fdd4e1085d1f1"
            ],
            "markers": "python_version < '3.2'",
            "version": "==3.2.0"
        },
        "google-api-core": {
            "extras": [
                "grpc"
            ],
            "hashes": [
                "sha256:85693e163a1a6faea69a74f8feaf35d54dfa2559fbdbbe389c93ffb3bb4c9a79",
                "sha256:eea2d223f7bdc6d68dd1c4681e17cded5a00b5a8e686e1597b89f27f58cf2980"
            ],
            "version": "==1.7.0"
        },
        "google-auth": {
            "hashes": [
                "sha256:b6081ba9946828d6417c15ecdc723fdb7c007cdd74e140747d3876a7440f0be5",
                "sha256:e8d64e9bc8cb6f0fc5360c693f86dc9ee6964081ee702e3b5ddc937f99efc950"
            ],
            "version": "==1.6.2"
        },
        "google-cloud-core": {
            "hashes": [
                "sha256:9bee63e0991be9801a4baf0b7841cf54f86c6e7fec922f45ea74cd4032ed4ee4",
                "sha256:d85b1aaaf3bad9415ad1d8ee5eadce96d7007a82f13ce0a0629a003a11e83f29"
            ],
            "version": "==0.29.1"
        },
        "google-cloud-datastore": {
            "hashes": [
                "sha256:e00bddc03670be206ddcbc5c1cbda0acc51db963f0ff54189bd6710f8e93a4c9",
                "sha256:f344af747955096fd9e412ad5937dfdac317e464cd126f84102652f60864dd1d"
            ],
            "index": "pypi",
            "version": "==1.7.3"
        },
        "google-cloud-storage": {
            "hashes": [
                "sha256:a3115c22a71e2f172fade72c7b7b797a071f3ac9b66043191fc84c214ba0c671",
                "sha256:aef243b533144c11c9ff750565c43dffe5445debb143697002edb6205f64a437"
            ],
            "index": "pypi",
            "version": "==1.14.0"
        },
        "google-resumable-media": {
            "hashes": [
                "sha256:2dae98ee716efe799db3578a7b902fbf5592fc5c77d3c0906fc4ef9b1b930861",
                "sha256:3e38923493ca0d7de0ad91c31acfefc393c78586db89364e91cb4f11990e51ba"
            ],
            "version": "==0.3.2"
        },
        "googleapis-common-protos": {
            "hashes": [
                "sha256:5288ec842d9c30ef0d79cab0de2b0c3c0bf22809104180e4fdc40593f826c9c1"
            ],
            "version": "==1.6.0b7"
        },
        "grpcio": {
            "hashes": [
                "sha256:051c09d7ee49d429339ff6385000401b35be5b30cbb496ea9ba986f5158986ed",
                "sha256:1696048eea9c1cab56b33a3de0fa8baf53d51c445c8a3d140b52dcbbf9b9ccdb",
                "sha256:1cc105f87dbdc6989864b91be0d07c93431a4ef29e2f2fb9430e5dc9883af7bd",
                "sha256:1faa5f3d6b33f3c061386bb638b8baf8074775ef0511a06d792a1496be61a5dc",
                "sha256:2665d22b504d8c693ef218e921a256b19dfd3e1e61b665c95e44587024f183a1",
                "sha256:3631b744090f6901fe00b5e2b837ddb3121064852b3db627ef79696e32b5ab8b",
                "sha256:4661bb785d3ba964335d233510b3c4b5b35edc7945981be69b223d33d8f5ecff",
                "sha256:4e0d73275c13a5f16d6e8dd619ef727d58a5a1a3c753086a0b15287aaded6f27",
                "sha256:548d9b7b7c233f29880d58e2c2645d76b8ce7108df1e542d90f67b264bba2c5c",
                "sha256:5b4cf8b24bade9c652394980ce56b733bfd26ad960955f8655a0b62e043b0419",
                "sha256:6dd2212f9088c5722e61147d21584c5e78c866946dcccda2ed351a458e3e9a09",
                "sha256:7caa5b2d0b8be4c902003e045003251f1b54957f9a8ea1e7e6019bc8547ca06a",
                "sha256:7fc02521d771ebff7f3d8a1fea1adb09a7a149261f73a8f8d79e1d7c10d26472",
                "sha256:8b37276bdec87d21d45b4b381127e47466f0ef395608287a384b4b91e8115266",
                "sha256:91667848d5a874ce0db01b62c857fd7242172f1d691fee032306040ea458522b",
                "sha256:918377f89015abb99648ec80d24a2d9f1f98b9c7496a9bf442cd15eba693c6c6",
                "sha256:942325ba1900c3bfa1d36617ebbfaaee9d6562829d802be6a2ed16abdbf899df",
                "sha256:a0e51c46ef57153b08d1dce1d56ef16eff411a7b4eb8ecf6c80bbfdc604bc955",
                "sha256:a47cd327d23f21cec70f41385cea55e9801435145df5d87182f84e5c66cf916d",
                "sha256:b33070973a42d584d2b20e1540dc84c5fb60801bba56294946bbc4286f1b44ad",
                "sha256:bc15879c2a2f06d0d3c63f4d9b26057ab0a670f7d3e6485f6ab8e347c2cc7789",
                "sha256:c12538aedf0f5081a0ccb3dcd0f4fdb4bc80ff0ad2542812e1bdde37124a5a43",
                "sha256:c1e4f1f3eb22f75d122fb7879ce7b0505eaf1c7f5294264ec453a9806be41885",
                "sha256:c5c7019a1e7b7a52e0faf94323ef1c4966113df64cd42bff86b453180e661212",
                "sha256:c670099b34dad1b244fe38c3d80993e4359b215b156d919763727faa715b819b",
                "sha256:ea8acea347dba4c9e7a01b6fe03e5b129510e4892afd5d9c0e301942fea63c49",
                "sha256:eafab1c0b1b82a33adf9d340e78310d5ae64384f7822485564d3fe1bce64c664",
                "sha256:f2a338b5e2b9aeb3dd6c691a07974e5a51e157cb55e10ee10bc76013579e90a1",
                "sha256:f2d4b2c4e5b864ea9ce490f77011f5e19a455144c0756c1a394a96e404318f91",
                "sha256:f70d89725c82a561f517499fb58cf5a671b0f9b8ee52cdce72c6de7b2fbcafcd",
                "sha256:f7e299a3a1a34a1695f78447185576d15de28b85dc87e4ab00cbecf096e5e1cd",
                "sha256:faccb2235d34fbcd1be0d13ad638bee0535299c4050487ad2e6712385ecc1a67"
            ],
            "version": "==1.19.0rc1"
        },
        "idna": {
            "hashes": [
                "sha256:c357b3f628cf53ae2c4c05627ecc484553142ca23264e593d327bcde5e9c3407",
                "sha256:ea8b7f6188e6fa117537c3df7da9fc686d485087abf6ac197f9c46432f7e4a3c"
            ],
            "version": "==2.8"
        },
        "ipaddress": {
            "hashes": [
                "sha256:64b28eec5e78e7510698f6d4da08800a5c575caa4a286c93d651c5d3ff7b6794",
                "sha256:b146c751ea45cad6188dd6cf2d9b757f6f4f8d6ffb96a023e6f2e26eea02a72c"
            ],
            "markers": "python_version < '3'",
            "version": "==1.0.22"
        },
        "itsdangerous": {
            "hashes": [
                "sha256:321b033d07f2a4136d3ec762eac9f16a10ccd60f53c0c91af90217ace7ba1f19",
                "sha256:b12271b2047cb23eeb98c8b5622e2e5c5e9abd9784a153e9d8ef9cb4dd09d749"
            ],
            "version": "==1.1.0"
        },
        "jinja2": {
            "hashes": [
                "sha256:74c935a1b8bb9a3947c50a54766a969d4846290e1e788ea44c1392163723c3bd",
                "sha256:f84be1bb0040caca4cea721fcbbbbd61f9be9464ca236387158b0feea01914a4"
            ],
            "version": "==2.10"
        },
        "jmespath": {
            "hashes": [
                "sha256:6a81d4c9aa62caf061cb517b4d9ad1dd300374cd4706997aff9cd6aedd61fc64",
                "sha256:f11b4461f425740a1d908e9a3f7365c3d2e569f6ca68a2ff8bc5bcd9676edd63"
            ],
            "version": "==0.9.3"
        },
        "markupsafe": {
            "hashes": [
                "sha256:048ef924c1623740e70204aa7143ec592504045ae4429b59c30054cb31e3c432",
                "sha256:130f844e7f5bdd8e9f3f42e7102ef1d49b2e6fdf0d7526df3f87281a532d8c8b",
                "sha256:19f637c2ac5ae9da8bfd98cef74d64b7e1bb8a63038a3505cd182c3fac5eb4d9",
                "sha256:1b8a7a87ad1b92bd887568ce54b23565f3fd7018c4180136e1cf412b405a47af",
                "sha256:1c25694ca680b6919de53a4bb3bdd0602beafc63ff001fea2f2fc16ec3a11834",
                "sha256:1f19ef5d3908110e1e891deefb5586aae1b49a7440db952454b4e281b41620cd",
                "sha256:1fa6058938190ebe8290e5cae6c351e14e7bb44505c4a7624555ce57fbbeba0d",
                "sha256:31cbb1359e8c25f9f48e156e59e2eaad51cd5242c05ed18a8de6dbe85184e4b7",
                "sha256:3e835d8841ae7863f64e40e19477f7eb398674da6a47f09871673742531e6f4b",
                "sha256:4e97332c9ce444b0c2c38dd22ddc61c743eb208d916e4265a2a3b575bdccb1d3",
                "sha256:525396ee324ee2da82919f2ee9c9e73b012f23e7640131dd1b53a90206a0f09c",
                "sha256:52b07fbc32032c21ad4ab060fec137b76eb804c4b9a1c7c7dc562549306afad2",
                "sha256:52ccb45e77a1085ec5461cde794e1aa037df79f473cbc69b974e73940655c8d7",
                "sha256:5c3fbebd7de20ce93103cb3183b47671f2885307df4a17a0ad56a1dd51273d36",
                "sha256:5e5851969aea17660e55f6a3be00037a25b96a9b44d2083651812c99d53b14d1",
                "sha256:5edfa27b2d3eefa2210fb2f5d539fbed81722b49f083b2c6566455eb7422fd7e",
                "sha256:7d263e5770efddf465a9e31b78362d84d015cc894ca2c131901a4445eaa61ee1",
                "sha256:83381342bfc22b3c8c06f2dd93a505413888694302de25add756254beee8449c",
                "sha256:857eebb2c1dc60e4219ec8e98dfa19553dae33608237e107db9c6078b1167856",
                "sha256:98e439297f78fca3a6169fd330fbe88d78b3bb72f967ad9961bcac0d7fdd1550",
                "sha256:bf54103892a83c64db58125b3f2a43df6d2cb2d28889f14c78519394feb41492",
                "sha256:d9ac82be533394d341b41d78aca7ed0e0f4ba5a2231602e2f05aa87f25c51672",
                "sha256:e982fe07ede9fada6ff6705af70514a52beb1b2c3d25d4e873e82114cf3c5401",
                "sha256:edce2ea7f3dfc981c4ddc97add8a61381d9642dc3273737e756517cc03e84dd6",
                "sha256:efdc45ef1afc238db84cb4963aa689c0408912a0239b0721cb172b4016eb31d6",
                "sha256:f137c02498f8b935892d5c0172560d7ab54bc45039de8805075e19079c639a9c",
                "sha256:f82e347a72f955b7017a39708a3667f106e6ad4d10b25f237396a7115d8ed5fd",
                "sha256:fb7c206e01ad85ce57feeaaa0bf784b97fa3cad0d4a5737bc5295785f5c613a1"
            ],
            "version": "==1.1.0"
        },
        "protobuf": {
            "hashes": [
                "sha256:1a53984ed9b84b6d30e8301d840a3eb86c74f2dab38f16fd45ee294ed0519384",
                "sha256:3a6367a839e4c770d1fbac05570c339eb496ffcc352b1ec5eb07988187fc86ce",
                "sha256:44eb7cfa05b700fe918f454ef28eecae011bcaa716ef81d898a7ea31e41e2c82",
                "sha256:5465c3d36274a61e10f0fa8758c0fecb198b3a7f5a1b62e4e3883139df37cf81",
                "sha256:657a1b43332014ce65c54555f766469fd73a72782d27e4cf3e7f82cf2e659c2a",
                "sha256:8a41020d490d3502a2e288cd9ff7f1a0e72b7d36b217044e2af34453eab86499",
                "sha256:95eeba09efbeb0743f14f9dc00d12e3affcd463b3b655fa8fe6c1e5248b05ce9",
                "sha256:98032e9c31f71d21ff116fd29051310d128d3faa4739c598f212a83fe7042917",
                "sha256:a7d9cbdc0b4a5192ea2520b12ec7b4987cbae3e1d27a5ae61951b93d52c3b1c7",
                "sha256:bab6534369b147f256997a868a79e335db4907aff6b0df8e24ee0900c886961f",
                "sha256:d4b5d2d07d9f784c3422e9e6e2321d22825186369886e9f8a917704de6cb6a7e",
                "sha256:d8ed41b5ddc589b5aae64018fc8daabcec4ece7653b41a22c49b3c87361c3d2c",
                "sha256:dd7f7a847e0f5bae3c1770e9c28d8f7007f33581cd151c65dc79234592653e81",
                "sha256:e231d76482a5b959dd227b4cc0389b5f398b3ba1a0107a39c4d253b191f40703",
                "sha256:e3b467f88f4db8ecf876f3a5c66dd085c03c54d4dca0064cf21e3d1088e61967",
                "sha256:ef22c0a6fa5006795b46d0298f784cc4e21028367c1796cfad496d104986e219",
                "sha256:f19db9112b6b87332c56b15e7aed1d5157fdc4b2c92404e3402d62516f39e73d",
                "sha256:fcdaa58e54acebfbbc2325c07524fbf53abe6ccf6a0b21416c2024aa02d55cf3"
            ],
            "version": "==3.7.0rc2"
        },
        "pyasn1": {
            "hashes": [
                "sha256:da2420fe13a9452d8ae97a0e478adde1dee153b11ba832a95b223a2ba01c10f7",
                "sha256:da6b43a8c9ae93bc80e2739efb38cc776ba74a886e3e9318d65fe81a8b8a2c6e"
            ],
            "version": "==0.4.5"
        },
        "pyasn1-modules": {
            "hashes": [
                "sha256:79580acf813e3b7d6e69783884e6e83ac94bf4617b36a135b85c599d8a818a7b",
                "sha256:a52090e8c5841ebbf08ae455146792d9ef3e8445b21055d3a3b7ed9c712b7c7c"
            ],
            "version": "==0.2.4"
        },
        "pycparser": {
            "hashes": [
                "sha256:a988718abfad80b6b157acce7bf130a30876d27603738ac39f140993246b25b3"
            ],
            "version": "==2.19"
        },
        "python-dateutil": {
            "hashes": [
                "sha256:7e6584c74aeed623791615e26efd690f29817a27c73085b78e4bad02493df2fb",
                "sha256:c89805f6f4d64db21ed966fda138f8a5ed7a4fdbc1a8ee329ce1b74e3c74da9e"
            ],
            "markers": "python_version >= '2.7'",
            "version": "==2.8.0"
        },
        "python-telegram-bot": {
            "hashes": [
                "sha256:29f7397ef7c697bc8a3bef3c26895879258d7a8257daf535259a2dd12b8a0f67",
                "sha256:a5a520ac3fbfda0f35ecfe3c953a2e220a4ef8a03e6117b46bd24d75580bd277"
            ],
            "index": "pypi",
            "version": "==12.0.0b1"
        },
        "pytz": {
            "hashes": [
                "sha256:32b0891edff07e28efe91284ed9c31e123d84bea3fd98e1f72be2508f43ef8d9",
                "sha256:d5f05e487007e29e03409f9398d074e158d920d36eb82eaf66fb1136b0c5374c"
            ],
            "version": "==2018.9"
        },
        "requests": {
            "hashes": [
                "sha256:502a824f31acdacb3a35b6690b5fbf0bc41d63a24a45c4004352b0242707598e",
                "sha256:7bf2a778576d825600030a110f3c0e3e8edc51dfaafe1c146e39a2027784957b"
            ],
            "version": "==2.21.0"
        },
        "rsa": {
            "hashes": [
                "sha256:14ba45700ff1ec9eeb206a2ce76b32814958a98e372006c8fb76ba820211be66",
                "sha256:1a836406405730121ae9823e19c6e806c62bbad73f890574fff50efa4122c487"
            ],
            "version": "==4.0"
        },
        "s3transfer": {
            "hashes": [
                "sha256:7b9ad3213bff7d357f888e0fab5101b56fa1a0548ee77d121c3a3dbfbef4cb2e",
                "sha256:f23d5cb7d862b104401d9021fc82e5fa0e0cf57b7660a1331425aab0c691d021"
            ],
            "version": "==0.2.0"
        },
        "six": {
            "hashes": [
                "sha256:3350809f0555b11f552448330d0b52d5f24c91a322ea4a15ef22629740f3761c",
                "sha256:d16a0141ec1a18405cd4ce8b4613101da75da0e9a7aec5bdd4fa804d0e0eba73"
            ],
            "version": "==1.12.0"
        },
        "tornado": {
            "hashes": [
                "sha256:0662d28b1ca9f67108c7e3b77afabfb9c7e87bde174fbda78186ecedc2499a9d",
                "sha256:4e5158d97583502a7e2739951553cbd88a72076f152b4b11b64b9a10c4c49409",
                "sha256:732e836008c708de2e89a31cb2fa6c0e5a70cb60492bee6f1ea1047500feaf7f",
                "sha256:8154ec22c450df4e06b35f131adc4f2f3a12ec85981a203301d310abf580500f",
                "sha256:8e9d728c4579682e837c92fdd98036bd5cdefa1da2aaf6acf26947e6dd0c01c5",
                "sha256:d4b3e5329f572f055b587efc57d29bd051589fb5a43ec8898c77a47ec2fa2bbb",
                "sha256:e5f2585afccbff22390cddac29849df463b252b711aa2ce7c5f3f342a5b3b444"
            ],
            "version": "==5.1.1"
        },
        "urllib3": {
            "hashes": [
                "sha256:61bf29cada3fc2fbefad4fdf059ea4bd1b4a86d2b6d15e1c7c0b582b9752fe39",
                "sha256:de9529817c93f27c8ccbfead6985011db27bd0ddfcdb2d86f3f663385c6a9c22"
            ],
            "markers": "python_version == '2.7'",
            "version": "==1.24.1"
        },
        "webapp2": {
            "hashes": [
                "sha256:4215a2ab407f0e0ad1c1ec134ff5bebcdfd7995b0ce99c1cc9cc9ba28a6814ce"
            ],
            "index": "pypi",
            "version": "==3.0.0b1"
        },
        "webob": {
            "hashes": [
                "sha256:05aaab7975e0ee8af2026325d656e5ce14a71f1883c52276181821d6d5bf7086",
                "sha256:36db8203c67023d68c1b00208a7bf55e3b10de2aa317555740add29c619de12b"
            ],
            "version": "==1.8.5"
        },
        "werkzeug": {
            "hashes": [
                "sha256:c3fd7a7d41976d9f44db327260e263132466836cef6f91512889ed60ad26557c",
                "sha256:d5da73735293558eb1651ee2fddc4d0dedcfa06538b8813a2e20011583c9e49b"
            ],
            "version": "==0.14.1"
        }
    },
    "develop": {}
}
