{
    "_meta": {
        "hash": {
            "sha256": "d70df303071862d70b34cae431eeecd691d7a7ecb36bd72cc9deb13d013f06dc"
        },
        "pipfile-spec": 6,
        "requires": {
            "python_version": "3.7"
        },
        "sources": [
            {
                "name": "pypi",
                "url": "https://pypi.org/simple",
                "verify_ssl": true
            }
        ]
    },
    "default": {
        "boto3": {
            "hashes": [
                "sha256:6be71f5f43882915ea2cd6ca4c6c14472418531ac585a060a0c5ca7afc13e1c7",
                "sha256:d02144562aabc3ffdb74830b8d71167c012e9c4d6523912ec6e55c6181662d37"
            ],
            "index": "pypi",
            "version": "==1.9.188"
        },
        "botocore": {
            "hashes": [
                "sha256:3baf129118575602ada9926f5166d82d02273c250d0feb313fc270944b27c48b",
                "sha256:dc080aed4f9b220a9e916ca29ca97a9d37e8e1d296fe89cbaeef929bf0c8066b"
            ],
            "version": "==1.12.253"
        },
        "cachetools": {
            "hashes": [
                "sha256:513d4ff98dd27f85743a8dc0e92f55ddb1b49e060c2d5961512855cda2c01a98",
                "sha256:bbaa39c3dede00175df2dc2b03d0cf18dd2d32a7de7beb68072d13043c9edb20"
            ],
            "version": "==4.1.1"
        },
        "certifi": {
            "hashes": [
                "sha256:5930595817496dd21bb8dc35dad090f1c2cd0adfaf21204bf6732ca5d8ee34d3",
                "sha256:8fc0819f1f30ba15bdb34cceffb9ef04d99f420f68eb75d901e9560b8749fc41"
            ],
            "version": "==2020.6.20"
        },
        "cffi": {
            "hashes": [
                "sha256:005f2bfe11b6745d726dbb07ace4d53f057de66e336ff92d61b8c7e9c8f4777d",
                "sha256:09e96138280241bd355cd585148dec04dbbedb4f46128f340d696eaafc82dd7b",
                "sha256:0b1ad452cc824665ddc682400b62c9e4f5b64736a2ba99110712fdee5f2505c4",
                "sha256:0ef488305fdce2580c8b2708f22d7785ae222d9825d3094ab073e22e93dfe51f",
                "sha256:15f351bed09897fbda218e4db5a3d5c06328862f6198d4fb385f3e14e19decb3",
                "sha256:22399ff4870fb4c7ef19fff6eeb20a8bbf15571913c181c78cb361024d574579",
                "sha256:23e5d2040367322824605bc29ae8ee9175200b92cb5483ac7d466927a9b3d537",
                "sha256:2791f68edc5749024b4722500e86303a10d342527e1e3bcac47f35fbd25b764e",
                "sha256:2f9674623ca39c9ebe38afa3da402e9326c245f0f5ceff0623dccdac15023e05",
                "sha256:3363e77a6176afb8823b6e06db78c46dbc4c7813b00a41300a4873b6ba63b171",
                "sha256:33c6cdc071ba5cd6d96769c8969a0531be2d08c2628a0143a10a7dcffa9719ca",
                "sha256:3b8eaf915ddc0709779889c472e553f0d3e8b7bdf62dab764c8921b09bf94522",
                "sha256:3cb3e1b9ec43256c4e0f8d2837267a70b0e1ca8c4f456685508ae6106b1f504c",
                "sha256:3eeeb0405fd145e714f7633a5173318bd88d8bbfc3dd0a5751f8c4f70ae629bc",
                "sha256:44f60519595eaca110f248e5017363d751b12782a6f2bd6a7041cba275215f5d",
                "sha256:4d7c26bfc1ea9f92084a1d75e11999e97b62d63128bcc90c3624d07813c52808",
                "sha256:529c4ed2e10437c205f38f3691a68be66c39197d01062618c55f74294a4a4828",
                "sha256:6642f15ad963b5092d65aed022d033c77763515fdc07095208f15d3563003869",
                "sha256:85ba797e1de5b48aa5a8427b6ba62cf69607c18c5d4eb747604b7302f1ec382d",
                "sha256:8f0f1e499e4000c4c347a124fa6a27d37608ced4fe9f7d45070563b7c4c370c9",
                "sha256:a624fae282e81ad2e4871bdb767e2c914d0539708c0f078b5b355258293c98b0",
                "sha256:b0358e6fefc74a16f745afa366acc89f979040e0cbc4eec55ab26ad1f6a9bfbc",
                "sha256:bbd2f4dfee1079f76943767fce837ade3087b578aeb9f69aec7857d5bf25db15",
                "sha256:bf39a9e19ce7298f1bd6a9758fa99707e9e5b1ebe5e90f2c3913a47bc548747c",
                "sha256:c11579638288e53fc94ad60022ff1b67865363e730ee41ad5e6f0a17188b327a",
                "sha256:c150eaa3dadbb2b5339675b88d4573c1be3cb6f2c33a6c83387e10cc0bf05bd3",
                "sha256:c53af463f4a40de78c58b8b2710ade243c81cbca641e34debf3396a9640d6ec1",
                "sha256:cb763ceceae04803adcc4e2d80d611ef201c73da32d8f2722e9d0ab0c7f10768",
                "sha256:cc75f58cdaf043fe6a7a6c04b3b5a0e694c6a9e24050967747251fb80d7bce0d",
                "sha256:d80998ed59176e8cba74028762fbd9b9153b9afc71ea118e63bbf5d4d0f9552b",
                "sha256:de31b5164d44ef4943db155b3e8e17929707cac1e5bd2f363e67a56e3af4af6e",
                "sha256:e66399cf0fc07de4dce4f588fc25bfe84a6d1285cc544e67987d22663393926d",
                "sha256:f0620511387790860b249b9241c2f13c3a80e21a73e0b861a2df24e9d6f56730",
                "sha256:f4eae045e6ab2bb54ca279733fe4eb85f1effda392666308250714e01907f394",
                "sha256:f92cdecb618e5fa4658aeb97d5eb3d2f47aa94ac6477c6daf0f306c5a3b9e6b1",
                "sha256:f92f789e4f9241cd262ad7a555ca2c648a98178a953af117ef7fad46aa1d5591"
            ],
            "version": "==1.14.3"
        },
        "chardet": {
            "hashes": [
                "sha256:84ab92ed1c4d4f16916e05906b6b75a6c0fb5db821cc65e70cbd64a3e2a5eaae",
                "sha256:fc323ffcaeaed0e0a02bf4d117757b98aed530d9ed4531e3e15460124c106691"
            ],
            "version": "==3.0.4"
        },
        "click": {
            "hashes": [
                "sha256:d2b5255c7c6349bc1bd1e59e08cd12acbbd63ce649f2588755783aa94dfb6b1a",
                "sha256:dacca89f4bfadd5de3d7489b7c8a566eee0d3676333fbb50030263894c38c0dc"
            ],
            "version": "==7.1.2"
        },
        "cryptography": {
            "hashes": [
                "sha256:22f8251f68953553af4f9c11ec5f191198bc96cff9f0ac5dd5ff94daede0ee6d",
                "sha256:284e275e3c099a80831f9898fb5c9559120d27675c3521278faba54e584a7832",
                "sha256:3e17d02941c0f169c5b877597ca8be895fca0e5e3eb882526a74aa4804380a98",
                "sha256:52a47e60953679eea0b4d490ca3c241fb1b166a7b161847ef4667dfd49e7699d",
                "sha256:57b8c1ed13b8aa386cabbfde3be175d7b155682470b0e259fecfe53850967f8a",
                "sha256:6a8f64ed096d13f92d1f601a92d9fd1f1025dc73a2ca1ced46dcf5e0d4930943",
                "sha256:6e8a3c7c45101a7eeee93102500e1b08f2307c717ff553fcb3c1127efc9b6917",
                "sha256:7ef41304bf978f33cfb6f43ca13bb0faac0c99cda33693aa20ad4f5e34e8cb8f",
                "sha256:87c2fffd61e934bc0e2c927c3764c20b22d7f5f7f812ee1a477de4c89b044ca6",
                "sha256:88069392cd9a1e68d2cfd5c3a2b0d72a44ef3b24b8977a4f7956e9e3c4c9477a",
                "sha256:8a0866891326d3badb17c5fd3e02c926b635e8923fa271b4813cd4d972a57ff3",
                "sha256:8f0fd8b0751d75c4483c534b209e39e918f0d14232c0d8a2a76e687f64ced831",
                "sha256:9a07e6d255053674506091d63ab4270a119e9fc83462c7ab1dbcb495b76307af",
                "sha256:9a8580c9afcdcddabbd064c0a74f337af74ff4529cdf3a12fa2e9782d677a2e5",
                "sha256:bd80bc156d3729b38cb227a5a76532aef693b7ac9e395eea8063ee50ceed46a5",
                "sha256:d1cbc3426e6150583b22b517ef3720036d7e3152d428c864ff0f3fcad2b97591",
                "sha256:e15ac84dcdb89f92424cbaca4b0b34e211e7ce3ee7b0ec0e4f3c55cee65fae5a",
                "sha256:e4789b84f8dedf190148441f7c5bfe7244782d9cbb194a36e17b91e7d3e1cca9",
                "sha256:f01c9116bfb3ad2831e125a73dcd957d173d6ddca7701528eff1e7d97972872c",
                "sha256:f0e3986f6cce007216b23c490f093f35ce2068f3c244051e559f647f6731b7ae",
                "sha256:f2aa3f8ba9e2e3fd49bd3de743b976ab192fbf0eb0348cebde5d2a9de0090a9f",
                "sha256:fb70a4cedd69dc52396ee114416a3656e011fb0311fca55eb55c7be6ed9c8aef"
            ],
            "index": "pypi",
            "version": "==3.2"
        },
        "docutils": {
            "hashes": [
                "sha256:6c4f696463b79f1fb8ba0c594b63840ebd41f059e92b31957c46b74a4599b6d0",
                "sha256:9e4d7ecfc600058e07ba661411a2b7de2fd0fafa17d1a7f7361cd47b1175c827",
                "sha256:a2aeea129088da402665e92e0b25b04b073c04b2dce4ab65caaa38b7ce2e1a99"
            ],
            "version": "==0.15.2"
        },
        "flask": {
            "hashes": [
                "sha256:13f9f196f330c7c2c5d7a5cf91af894110ca0215ac051b5844701f2bfd934d52",
                "sha256:45eb5a6fd193d6cf7e0cf5d8a5b31f83d5faae0293695626f539a823e93b13f6"
            ],
            "index": "pypi",
            "version": "==1.1.1"
        },
        "future": {
            "hashes": [
                "sha256:b1bead90b70cf6ec3f0710ae53a525360fa360d306a86583adc6bf83a4db537d"
            ],
            "version": "==0.18.2"
        },
        "fuzzywuzzy": {
            "hashes": [
                "sha256:5ac7c0b3f4658d2743aa17da53a55598144edbc5bee3c6863840636e6926f254",
                "sha256:6f49de47db00e1c71d40ad16da42284ac357936fa9b66bea1df63fed07122d62"
            ],
            "index": "pypi",
            "version": "==0.17.0"
        },
        "google-api-core": {
            "extras": [
                "grpc"
            ],
            "hashes": [
                "sha256:1bb3c485c38eacded8d685b1759968f6cf47dd9432922d34edb90359eaa391e2",
                "sha256:94d8c707d358d8d9e8b0045c42be20efb58433d308bd92cf748511c7825569c8"
            ],
            "version": "==1.23.0"
        },
        "google-auth": {
            "hashes": [
                "sha256:712dd7d140a9a1ea218e5688c7fcb04af71b431a29ec9ce433e384c60e387b98",
                "sha256:9c0f71789438d703f77b94aad4ea545afaec9a65f10e6cc1bc8b89ce242244bb"
            ],
            "version": "==1.22.1"
        },
        "google-cloud-core": {
            "hashes": [
                "sha256:21afb70c1b0bce8eeb8abb5dca63c5fd37fc8aea18f4b6d60e803bd3d27e6b80",
                "sha256:75abff9056977809937127418323faa3917f32df68490704d39a4f0d492ebc2b"
            ],
            "version": "==1.4.3"
        },
        "google-cloud-datastore": {
            "hashes": [
                "sha256:1bc0c6a9af953b71f0956faf775f000076c5631ce32a23f29a89986a84e3bf8b",
                "sha256:fc34be1407350aa45be1660b34901bbe5e7405faf4f74da0f644c99283a3d08e"
            ],
            "index": "pypi",
            "version": "==1.8.0"
        },
        "google-cloud-storage": {
            "hashes": [
                "sha256:10b8a708d71b45589e06d0dc2bcc614e1d1c921902df8d22e374af1fb346ab68",
                "sha256:4a2a0e2486b1977a4f3e382ed0be118933ecb6a92dc6b2c3d0b56ef8d76ac7a9"
            ],
            "index": "pypi",
            "version": "==1.16.1"
        },
        "google-crc32c": {
            "hashes": [
                "sha256:00b34d4c9ac565b2be553f81f58e5861e51d43af2043ed7cbfe1853ee2f54671",
                "sha256:17223ac9135eab28e874ff1e221810190d109a1abd482451d0776dc388be14de",
                "sha256:176cef33c9ad2a56977efd084646b378e50ab14b43a7c0a16e956bc3e3ec130a",
                "sha256:1a613f43534c9a345cc86fc6531bda477e2473cb876b6e26aee22b8060917069",
                "sha256:337566ce49d7ea7493f95bd6bc89ab08640caa91b6105cea0be57ed026980e74",
                "sha256:41fb6c22cd72ae3db4d98d28dbb768d53397c8fc3cb8ab945fd434e842e622d4",
                "sha256:438d6c314a52d50a9523460024e655a3d27774adde47d72eebccc89dc9eec992",
                "sha256:6fd5d861421c37786b9c1a87dc7b0d8349a426151a461d5724b76c5a07f6ae9b",
                "sha256:7b5ccdc7697ca54351d2965d4241f907d53f26f5288710bed505f8c3776ed235",
                "sha256:7f44c5259f6b2f8b2b6f668dbaa954693a10e97811345c193e46b933c2dd5165",
                "sha256:9439b960b6ecd847557675d130fc3626d762bf535da595c20a6949a705fb3eae",
                "sha256:b6fad0842a02abd270f8b660db082d37d197ab80aa4db6a2ddbfcf472eade9e7",
                "sha256:b7ee33659231c8205bb05559781ac61a325f31b06b917b3e997bea5c2c49ff4d",
                "sha256:cda3a6829e8b5bf6058615e53387430d004590c9b0ad808e53fea5bec35bbe44",
                "sha256:cf373207380e54c42da6c88baf1f7a31c2d9f29b87c9c922d5147d219eed55aa",
                "sha256:ec4d91c9236b0576d9d2b23c7eb85c6a6372b88afe2d0c64681cf11629586f74",
                "sha256:f3b859200c3bc73925b1719ed8b1f6d8d73b6620b42dbc121c4df58423045e34",
                "sha256:f54c90058e3f56e55fa0f699c6f4ceaaa825ea7f17ef2adbf07b2b06b27455e7"
            ],
            "markers": "python_version >= '3.5'",
            "version": "==1.0.0"
        },
        "google-resumable-media": {
            "hashes": [
                "sha256:dcdab13e95bc534d268f87d5293e482cce5bc86dfce6ca0f2e2e89cbb73ef38c",
                "sha256:ecabcd90d74a6e00331af0c87f500f238c44870d9626e01b385dda3af7b99269"
            ],
            "version": "==1.1.0"
        },
        "googleapis-common-protos": {
            "hashes": [
                "sha256:560716c807117394da12cecb0a54da5a451b5cf9866f1d37e9a5e2329a665351",
                "sha256:c8961760f5aad9a711d37b675be103e0cc4e9a39327e0d6d857872f698403e24"
            ],
            "version": "==1.52.0"
        },
        "grpcio": {
            "hashes": [
                "sha256:0222ceec7e8dbddd18c6b027214fb3d55b78a823337f95730d4e157b733c5766",
                "sha256:04712ec521907b814445f915a834e090352173ede45c6063dfafa64a1e1eb86f",
                "sha256:07ed96a6c320505456be2e95edcdcec3e484beff9edaa46bdb6f9e5b88eebc2b",
                "sha256:1205bbe8bb41705dec20dc77c51205d05805d785ddae64dbbbbcc8063b7f1550",
                "sha256:143028a0421ac0af976a08fbc36de09e14cbdd74d4dc319f914e3511b737c659",
                "sha256:1664a3dbd34ab91172149526fb8ba18f626edb72448397280ec6f4d30dc34be4",
                "sha256:21077fc89374b3c25377010ca7ddde6287007a6f0a1c515887f43d5ad84dc431",
                "sha256:21c235f7f8f3a1fb6db387ffc9ceef38bd4b3f5185b4b6b43065a57fd1fcda20",
                "sha256:254a42e13d945c880a8d35a63c646227e691b7c085e433a505fbbaea362bfe1e",
                "sha256:47ccf4b6b3ae4fd192500a78af7f191f1c88ee7493744a75657b970b4b17e678",
                "sha256:57fb11dcf7d801ccae146f92a07f70545e8f0042354b856ccb9085f39c15564f",
                "sha256:5c232df1cea26f53b763d1fc2d28ddef209de2a7fb20efc8d6a19ea47ac61dbb",
                "sha256:60765d070dadfce363c74175ff96dbdf5b15f8bcf999bedafc972b938899fd7a",
                "sha256:62d2dbc5ab27fe7a33b30ab0395c1c65bf1033cca17e645279420094c99327a1",
                "sha256:66c1850ddd8e032655d947d18b56826c942c002e5e9a50b659389cbbb9d557df",
                "sha256:6a45081ece2279678f104e40a3683772fc1a917aac5c4352bd0769bd390470e5",
                "sha256:6ffe23e3f845ae7058b32f58b252bc367865d44a8c42838e16b5fe5727b174d4",
                "sha256:774678e29321fc76bbe01d25e8778fbe96fd2d9fbe774c24a122891b34f53918",
                "sha256:7e0029ec181c4d3ca76217f8c8b686b96a583d74b893ac86b514f6c37a74889b",
                "sha256:8872620c946733dbc6336243c98440ef4d1b2956578b682c2f67543aef98e815",
                "sha256:976f30637bb89b3ca714a3a762c825ef7c4bb38c6b43d7425c02e620ba47ef82",
                "sha256:a48518e831573c7592064fb67aab61b33c279c944da2632e5922badb422ce175",
                "sha256:a498effc32dd57dfde8d75b266d6656ab2bc0b20188ef3422f060244442c4b39",
                "sha256:b20f555557c12f4c7c32f298b8b8202da49902ce008e4c0bdb0a83f8de2355c9",
                "sha256:b380f590f28a51f31eaa1c6991b93f5af39158956a0e6bb7ab6fdd3e830055b6",
                "sha256:b9e672396fef071ecd4b0ffca59c05d668ddce19a44ef6c253f7d88bbe2ed246",
                "sha256:c7ffff3d6c935bf400d329ad33e2326e4917885f1faa3e985eb6bcf43bea88bc",
                "sha256:c9dd598f8b96e86f99628fbd615cbab97328557a77f06ad8cd720bc8a2125a8b",
                "sha256:ccefa3fc8a1fbed1beac7de64e6b28fa16c4fd224fad90213f9293dcb3ff1c0e",
                "sha256:ccf967e1e3d1f62cd63feeecca567511dd321b5b65abfb6c880264295a0e2df7",
                "sha256:d3d6f614b5e9c58afc45fbe0383bab206392f2901ebb7fe0027d4abadad7e4e6",
                "sha256:d41e2d75f836a0e0e637a7c383d668602063ec655de8bf4b3167b3d1fddabf41",
                "sha256:d9ac1cf1633ccc561d7d97ee0af3fbe262a6573c08a8f88cfea58caef1c73505",
                "sha256:e2555101f42dda5ca43ccef4a397ba9596a5f7c40dcfed6a81984374c6d60411",
                "sha256:e699ddfd287230b8efa6aca3932f7303e587025bdd4122ccbca9134857cca8a2",
                "sha256:e88210253bda4c92c22d74d122f43e53e204211b22dc5567367f40ce0197e378",
                "sha256:ec7ded77c8644a791fa09ad4d20b258b4b5aff1e4cc62e15e6c4b3a4e19eb898",
                "sha256:ef89d99d5fbdd453e52b4193d5cf74f773fafd682dfd87b4fa297dbf20feff50",
                "sha256:f19782ec5104599382a0f73f2dfea465d0e65f6818bb3c49ca672b97034c64c3",
                "sha256:f2c63017125fbffd70f674fc9988290578c836af7e6bb44f7284ff196af207c9",
                "sha256:f34df047f72ec675b61316e9d56904d069f5f9c4172bfee48e3f40d5c8e07df1",
                "sha256:f8816e38fbddd31216683a283b48294d7eabd4bf1e26f8cc0cb7bed896f44f30",
                "sha256:fb7e9029ec99568519f9a13a9da4e5a83020197ffbfb23a28fe4e58a2c3ae11c",
                "sha256:ffc6e264399ac5e48684f33213b086ce7a2163928a41518eca99e1d88c2069b0"
            ],
            "version": "==1.33.1"
        },
        "idna": {
            "hashes": [
                "sha256:b307872f855b18632ce0c21c5e45be78c0ea7ae4c15c828c20788b26921eb3f6",
                "sha256:b97d804b1e9b523befed77c48dacec60e6dcb0b5391d57af6a65a312a90648c0"
            ],
            "version": "==2.10"
        },
        "itsdangerous": {
            "hashes": [
                "sha256:1f08ac48fe58cb99a1f58add0c90924b4267398bbd1640268d26a29f6a03eaa4",
                "sha256:26ba8fb99157bbd5a1016f9d9dc5ed5ff1325f6f6f2c10b18107199470676b4d"
            ],
            "version": "==2.0.0a1"
        },
        "jinja2": {
            "hashes": [
                "sha256:c10142f819c2d22bdcd17548c46fa9b77cf4fda45097854c689666bf425e7484",
                "sha256:c922560ac46888d47384de1dbdc3daaa2ea993af4b26a436dec31fa2c19ec668"
            ],
            "version": "==3.0.0a1"
        },
        "jmespath": {
            "hashes": [
                "sha256:b85d0567b8666149a93172712e68920734333c0ce7e89b78b3e987f71e5ed4f9",
                "sha256:cdf6525904cc597730141d61b36f2e4b8ecc257c420fa2f4549bac2c2d0cb72f"
            ],
            "version": "==0.10.0"
        },
        "markupsafe": {
            "hashes": [
                "sha256:06358015a4dee8ee23ae426bf885616ab3963622defd829eb45b44e3dee3515f",
                "sha256:0b0c4fc852c5f02c6277ef3b33d23fcbe89b1b227460423e3335374da046b6db",
                "sha256:267677fc42afed5094fc5ea1c4236bbe4b6a00fe4b08e93451e65ae9048139c7",
                "sha256:303cb70893e2c345588fb5d5b86e0ca369f9bb56942f03064c5e3e75fa7a238a",
                "sha256:3c9b624a0d9ed5a5093ac4edc4e823e6b125441e60ef35d36e6f4a6fdacd5054",
                "sha256:42033e14cae1f6c86fc0c3e90d04d08ce73ac8e46ba420a0d22d545c2abd4977",
                "sha256:4e4a99b6af7bdc0856b50020c095848ec050356a001e1f751510aef6ab14d0e0",
                "sha256:4eb07faad54bb07427d848f31030a65a49ebb0cec0b30674f91cf1ddd456bfe4",
                "sha256:63a7161cd8c2bc563feeda45df62f42c860dd0675e2b8da2667f25bb3c95eaba",
                "sha256:68e0fd039b68d2945b4beb947d4023ca7f8e95b708031c345762efba214ea761",
                "sha256:8092a63397025c2f655acd42784b2a1528339b90b987beb9253f22e8cdbb36c3",
                "sha256:841218860683c0f2223e24756843d84cc49cccdae6765e04962607754a52d3e0",
                "sha256:94076b2314bd2f6cfae508ad65b4d493e3a58a50112b7a2cbb6287bdbc404ae8",
                "sha256:9d22aff1c5322e402adfb3ce40839a5056c353e711c033798cf4f02eb9f5124d",
                "sha256:b0e4584f62b3e5f5c1a7bcefd2b52f236505e6ef032cc508caa4f4c8dc8d3af1",
                "sha256:b1163ffc1384d242964426a8164da12dbcdbc0de18ea36e2c34b898ed38c3b45",
                "sha256:beac28ed60c8e838301226a7a85841d0af2068eba2dcb1a58c2d32d6c05e440e",
                "sha256:c29f096ce79c03054a1101d6e5fe6bf04b0bb489165d5e0e9653fb4fe8048ee1",
                "sha256:c58779966d53e5f14ba393d64e2402a7926601d1ac8adeb4e83893def79d0428",
                "sha256:cfe14b37908eaf7d5506302987228bff69e1b8e7071ccd4e70fd0283b1b47f0b",
                "sha256:e834249c45aa9837d0753351cdca61a4b8b383cc9ad0ff2325c97ff7b69e72a6",
                "sha256:eed1b234c4499811ee85bcefa22ef5e466e75d132502226ed29740d593316c1f"
            ],
            "version": "==2.0.0a1"
        },
        "pillow": {
            "hashes": [
                "sha256:0804f77cb1e9b6dbd37601cee11283bba39a8d44b9ddb053400c58e0c0d7d9de",
                "sha256:0ab7c5b5d04691bcbd570658667dd1e21ca311c62dcfd315ad2255b1cd37f64f",
                "sha256:0b3e6cf3ea1f8cecd625f1420b931c83ce74f00c29a0ff1ce4385f99900ac7c4",
                "sha256:365c06a45712cd723ec16fa4ceb32ce46ad201eb7bbf6d3c16b063c72b61a3ed",
                "sha256:38301fbc0af865baa4752ddae1bb3cbb24b3d8f221bf2850aad96b243306fa03",
                "sha256:3aef1af1a91798536bbab35d70d35750bd2884f0832c88aeb2499aa2d1ed4992",
                "sha256:3fe0ab49537d9330c9bba7f16a5f8b02da615b5c809cdf7124f356a0f182eccd",
                "sha256:45a619d5c1915957449264c81c008934452e3fd3604e36809212300b2a4dab68",
                "sha256:49f90f147883a0c3778fd29d3eb169d56416f25758d0f66775db9184debc8010",
                "sha256:571b5a758baf1cb6a04233fb23d6cf1ca60b31f9f641b1700bfaab1194020555",
                "sha256:5ac381e8b1259925287ccc5a87d9cf6322a2dc88ae28a97fe3e196385288413f",
                "sha256:6153db744a743c0c8c91b8e3b9d40e0b13a5d31dbf8a12748c6d9bfd3ddc01ad",
                "sha256:6fd63afd14a16f5d6b408f623cc2142917a1f92855f0df997e09a49f0341be8a",
                "sha256:70acbcaba2a638923c2d337e0edea210505708d7859b87c2bd81e8f9902ae826",
                "sha256:70b1594d56ed32d56ed21a7fbb2a5c6fd7446cdb7b21e749c9791eac3a64d9e4",
                "sha256:76638865c83b1bb33bcac2a61ce4d13c17dba2204969dedb9ab60ef62bede686",
                "sha256:7b2ec162c87fc496aa568258ac88631a2ce0acfe681a9af40842fc55deaedc99",
                "sha256:7cee2cef07c8d76894ebefc54e4bb707dfc7f258ad155bd61d87f6cd487a70ff",
                "sha256:7d16d4498f8b374fc625c4037742fbdd7f9ac383fd50b06f4df00c81ef60e829",
                "sha256:b50bc1780681b127e28f0075dfb81d6135c3a293e0c1d0211133c75e2179b6c0",
                "sha256:bd0582f831ad5bcad6ca001deba4568573a4675437db17c4031939156ff339fa",
                "sha256:cfd40d8a4b59f7567620410f966bb1f32dc555b2b19f82a91b147fac296f645c",
                "sha256:e3ae410089de680e8f84c68b755b42bc42c0ceb8c03dbea88a5099747091d38e",
                "sha256:e9046e559c299b395b39ac7dbf16005308821c2f24a63cae2ab173bd6aa11616",
                "sha256:ef6be704ae2bc8ad0ebc5cb850ee9139493b0fc4e81abcc240fb392a63ebc808",
                "sha256:f8dc19d92896558f9c4317ee365729ead9d7bbcf2052a9a19a3ef17abbb8ac5b"
            ],
            "index": "pypi",
            "version": "==6.1.0"
        },
        "protobuf": {
            "hashes": [
                "sha256:03346c1fdaaaece437f2b611f3f784114b109985aea65c7d98050f8d38fe671c",
                "sha256:0b4a44a32247c3f222df0a5994ed763095ead741fb0749c6105e2a1af100ac98",
                "sha256:0da07c5ff6e2d681c8692dddd38f2ea424aff79e96a4776dbbcbd1b56ced3d83",
                "sha256:0faa899ac58036766f7a36bf6b3f41459e4eefa20477ee004bdbb6e6c01ad2dc",
                "sha256:5111dc2fb3236584b79645869475448c2181e54e4d6db7c0fc1fe463a7cdb092",
                "sha256:576fdebb64c900ac38d98d703a5ffaa135c21112608466c5bc4048714ac96d1a",
                "sha256:5df64b064b1b15e03768295939cbb5595733a02e8945dc033e56c6a9667a225c",
                "sha256:666d4b942b77912d00c8b011986ee73224ff58d9e17cbb42ef851968ce7e0398",
                "sha256:7e44ac88d7bdfd7bca8ba0623a934a564220d78bbe064005264f747dec330c26",
                "sha256:864f0d7622e11d9255c45542e47498a9c59dfda716dde8b204f64fa7887cbfad",
                "sha256:9504227ca529d20e6ca8cc39f710e52f3237fc7445b63f9621176078c899421d",
                "sha256:956f2c06cff88f65e4856864b31bc688c3c8b9077aaac611b521f04d5657c755",
                "sha256:a12c97c8ed2ab4cc937e3c07b0b9180e68464831f808996f779b1d58f4cf16b5",
                "sha256:abc7aa2652a66bf06a34b382638b3319c8d6b67832f4adaed1da1fdad7aa90c0",
                "sha256:b05dcdb57c1ca6a503121a266bfb7399582f08be00ccc50cd333bdd3d5e66adc",
                "sha256:c32f0d70403ce887549e33668cbe26c3fa9d9884582bb5afae3064de5a16c084",
                "sha256:c8fab21597c174389ebe1e6db442c80aadda8bd0159e953eb4958c55b33a91fa",
                "sha256:e56466b878130fa606f1d4465f3f533144be2b927e9dfc2eb23dba0bb4b5d54c"
            ],
            "version": "==4.0.0rc2"
        },
        "pyasn1": {
            "hashes": [
                "sha256:39c7e2ec30515947ff4e87fb6f456dfc6e84857d34be479c9d4a4ba4bf46aa5d",
                "sha256:aef77c9fb94a3ac588e87841208bdec464471d9871bd5050a287cc9a475cd0ba"
            ],
            "version": "==0.4.8"
        },
        "pyasn1-modules": {
            "hashes": [
                "sha256:905f84c712230b2c592c19470d3ca8d552de726050d1d1716282a1f6146be65e",
                "sha256:a50b808ffeb97cb3601dd25981f6b016cbb3d31fbf57a8b8a87428e6158d0c74"
            ],
            "version": "==0.2.8"
        },
        "pycparser": {
            "hashes": [
                "sha256:2d475327684562c3a96cc71adf7dc8c4f0565175cf86b6d7a404ff4c771f15f0",
                "sha256:7582ad22678f0fcd81102833f60ef8d0e57288b6b5fb00323d101be910e35705"
            ],
            "version": "==2.20"
        },
        "python-dateutil": {
            "hashes": [
                "sha256:73ebfe9dbf22e832286dafa60473e4cd239f8592f699aa5adaf10050e6e1823c",
                "sha256:75bb3f31ea686f1197762692a9ee6a7550b59fc6ca3a1f4b5d7e32fb98e2da2a"
            ],
            "markers": "python_version >= '2.7'",
            "version": "==2.8.1"
        },
        "python-levenshtein": {
            "hashes": [
                "sha256:033a11de5e3d19ea25c9302d11224e1a1898fe5abd23c61c7c360c25195e3eb1"
            ],
            "index": "pypi",
            "version": "==0.12.0"
        },
        "python-telegram-bot": {
            "hashes": [
                "sha256:29f7397ef7c697bc8a3bef3c26895879258d7a8257daf535259a2dd12b8a0f67",
                "sha256:a5a520ac3fbfda0f35ecfe3c953a2e220a4ef8a03e6117b46bd24d75580bd277"
            ],
            "index": "pypi",
            "version": "==12.0.0b1"
        },
        "pytz": {
            "hashes": [
                "sha256:303879e36b721603cc54604edcac9d20401bdbe31e1e4fdee5b9f98d5d31dfda",
                "sha256:d747dd3d23d77ef44c6a3526e274af6efeb0a6f1afd5a69ba4d5be4098c8e141"
            ],
            "index": "pypi",
            "version": "==2019.1"
        },
        "requests": {
            "hashes": [
                "sha256:b3559a131db72c33ee969480840fff4bb6dd111de7dd27c8ee1f820f4f00231b",
                "sha256:fe75cc94a9443b9246fc7049224f75604b113c36acb93f87b80ed42c44cbb898"
            ],
            "version": "==2.24.0"
        },
        "rsa": {
            "hashes": [
                "sha256:109ea5a66744dd859bf16fe904b8d8b627adafb9408753161e766a92e7d681fa",
                "sha256:6166864e23d6b5195a5cfed6cd9fed0fe774e226d8f854fcb23b7bbef0350233"
            ],
            "markers": "python_version >= '3.5'",
            "version": "==4.6"
        },
        "s3transfer": {
            "hashes": [
                "sha256:6efc926738a3cd576c2a79725fed9afde92378aa5c6a957e3af010cb019fac9d",
                "sha256:b780f2411b824cb541dbcd2c713d0cb61c7d1bcadae204cdddda2b35cef493ba"
            ],
            "version": "==0.2.1"
        },
        "six": {
            "hashes": [
                "sha256:30639c035cdb23534cd4aa2dd52c3bf48f06e5f4a941509c8bafd8ce11080259",
                "sha256:8b74bedcbbbaca38ff6d7491d76f2b06b3592611af620f8426e82dddb04a5ced"
            ],
            "version": "==1.15.0"
        },
        "tornado": {
            "hashes": [
                "sha256:050927c5308a5ad22245f1948053ca1a576d6f9e4255b074872378d4d25aff54",
                "sha256:079ba16da044a114ec6ed03a54fa712fdce9ca6cce6e5d6a0c714cba8a79656b",
                "sha256:0bfbaf7b8ca23aa06a2126c7100fb5289b279f433a3f05e0fcc981571909fa03",
                "sha256:0daa0c7b7c0f101d220708e2bdc8128b06a58f9ee0650128b044cc2fb227acf4",
                "sha256:0fa2c470bfbe0280540b85f14f4999d81d0c303aa2ac89a15df428ab376d4937",
                "sha256:1686f219ffa85387760993c8d7b58abdf6ec7dcf8aca98e2bceec1cad63e56b7",
                "sha256:1f0d5fcb8ac9e12c9c02f7d55313c2158a25504f72ce9cd0f40d5a0dc72f8ee9",
                "sha256:217c304348856b678bebd294c5bb597060b9e614f282ea6c16f294cf90ed63f0",
                "sha256:274523e1e4e3edd73f4fa50c6114652758c3b3a5244be90453537409fb10f90c",
                "sha256:28039498112b683dad3077bd45fb93cd965cfd0f0facc31c025c7fc0c34ecbf5",
                "sha256:2df3a1729fda484c3d0a3f2e2bfd950678c4973cd8af7285cbbc1419af23e91b",
                "sha256:2f9db6ea476641714ebb02f49d584fa924685ef79d450c15994ee727ec16ece4",
                "sha256:39c81b234ccf6c9b35593f8e1788c10b4a298013c9bdfc2a4597871608c83121",
                "sha256:4befe806e0d4d5a47631dc61538d0a86ca5f39b8f0dcbaaeca0004a9151b8acd",
                "sha256:5a750def4e943f517e45ea5a26a828fce3b76dc7d843404f28b46fbcca28d304",
                "sha256:5bc5bf9e12c6ff2cc0600fac1dfabe4ed9f663252e92154e813c643d876e3648",
                "sha256:645f081531f35296fa2825b517ad4116162921294e9d896a1298d63a55f17eb4",
                "sha256:6c7cfa49b8d14ca33e1f11e6f9f51c77b42d28aefc963444bc8e39858baa146b",
                "sha256:6cc7c261823a2a861df79366dd589e9ca6e49c326db5c834e4937f39a8c0ecb1",
                "sha256:73598e3e7150658cf61f0015a9cec8430cf3f39e3c9c3083ce88ff16023a912d",
                "sha256:803b3498a0d80190991bde5c0369c66b363632ad9206b558fd009a0e077aea32",
                "sha256:83344fd56bf47fbf22058ac718bea4feef8a11486e5b0715aa0eb14951bb4c53",
                "sha256:84ab8cb1ad6dc21e846048a20cc657ea2f99d00211cd4366aaa509e174f508f4",
                "sha256:915b1662ee9d1b74faa3c4cf96c20a479cc8f0af0dd3157af1455cd6603ab93b",
                "sha256:a5aea4a1305dc3ca2b042d63b08e235ed5c672c05c6dacaf18289297f790edf2",
                "sha256:ac42a74a73591de22e4f8fd26274af1c9335eee7877120420445e28e5ed1b8f4",
                "sha256:b06859aa0e98503d8c53b0e82de718c53c2854fd8e2aabd01c5217d2f465194d",
                "sha256:b646249d8b39a79d7dcf7766a04960d94171b19ee7ee1f7b1ddb386150ac9024",
                "sha256:bb81560300c7f1775f56b56aac4a1752be6a2c66831be7dbeaf1599330308a82",
                "sha256:bb87b3d278063b61e9b980a7ebabf97b47504ec7e45139f3df66a02e3895a975",
                "sha256:bbb511cc293fe6f45466e5ba805a95da3ae469dc91e7c9cb296a86652fc6e1db",
                "sha256:c45312bb4e9c18aff7f57ea5b908f4bd90af2bbc393a53a0137f978c8512ef1e",
                "sha256:ce55cd87fe92e2b2387e0fdc6abd66fcb1c6a1d25dfefd288017875eb448fa0f",
                "sha256:d00c0bbbeeaf397c8a3f2a803e8d2d25aabb08f988c67a8bb2208953cf697655",
                "sha256:d825f5037efc3e6dd6a018f0a535648a04d64e695396291949a0fef66202074f",
                "sha256:e0ea651fc505acb6f6e4cd6a6b7f46cd89c90a6c6c7968e33246fc9bc3832fd0",
                "sha256:e123c2a130472dd78e6fcc4a539a8f3f50a12f5e17faadaa132912c48a916dd9",
                "sha256:eb17860bd744c90383bfa3b64834cc08a18d4ff9240b7936599f485f917bd720",
                "sha256:edcaed89c723cc193588e3b1f6c0c182f5b96d7d129ff2d81ff02951df769f10",
                "sha256:f0c70419e04d6d56227ce4c7b5e5df74ceaa11d9d93cd094da9b35aeb623a7af",
                "sha256:fad574b1c6c0b1fae6b0b8a64b52b9ef7f61afbcfa5c7ea3730deffb9ea5ff10"
            ],
            "version": "==6.1b2"
        },
        "urllib3": {
            "hashes": [
                "sha256:8d7eaa5a82a1cac232164990f04874c594c9453ec55eef02eab885aa02fc17a2",
                "sha256:f5321fbe4bf3fefa0efd0bfe7fb14e90909eb62a48ccda331726b4319897dd5e"
            ],
            "markers": "python_version >= '3.4'",
            "version": "==1.25.11"
        },
        "werkzeug": {
            "hashes": [
                "sha256:2de2a5db0baeae7b2d2664949077c2ac63fbd16d98da0ff71837f7d1dea3fd43",
                "sha256:6c80b1e5ad3665290ea39320b91e1be1e0d5f60652b964a3070216de83d2e47c"
            ],
            "version": "==1.0.1"
        }
    },
    "develop": {
        "atomicwrites": {
            "hashes": [
                "sha256:6d1784dea7c0c8d4a5172b6c620f40b6e4cbfdf96d783691f2e1302a7b88e197",
                "sha256:ae70396ad1a434f9c7046fd2dd196fc04b12f9e91ffb859164193be8b6168a7a"
            ],
            "version": "==1.4.0"
        },
        "attrs": {
            "hashes": [
                "sha256:26b54ddbbb9ee1d34d5d3668dd37d6cf74990ab23c828c2888dccdceee395594",
                "sha256:fce7fc47dfc976152e82d53ff92fa0407700c21acd20886a13777a0d20e655dc"
            ],
            "version": "==20.2.0"
        },
        "importlib-metadata": {
            "hashes": [
                "sha256:77a540690e24b0305878c37ffd421785a6f7e53c8b5720d211b211de8d0e95da",
                "sha256:cefa1a2f919b866c5beb7c9f7b0ebb4061f30a8a9bf16d609b000e2dfaceb9c3"
            ],
            "markers": "python_version < '3.8'",
            "version": "==2.0.0"
        },
        "more-itertools": {
            "hashes": [
                "sha256:6f83822ae94818eae2612063a5101a7311e68ae8002005b5e05f03fd74a86a20",
                "sha256:9b30f12df9393f0d28af9210ff8efe48d10c94f73e5daf886f10c4b0b0b4f03c"
            ],
            "version": "==8.5.0"
        },
        "packaging": {
            "hashes": [
                "sha256:4357f74f47b9c12db93624a82154e9b120fa8293699949152b22065d556079f8",
                "sha256:998416ba6962ae7fbd6596850b80e17859a5753ba17c32284f67bfff33784181"
            ],
            "version": "==20.4"
        },
        "pluggy": {
            "hashes": [
                "sha256:15b2acde666561e1298d71b523007ed7364de07029219b604cf808bfa1c765b0",
                "sha256:966c145cd83c96502c3c3868f50408687b38434af77734af1e9ca461a4081d2d"
            ],
            "version": "==0.13.1"
        },
        "py": {
            "hashes": [
                "sha256:366389d1db726cd2fcfc79732e75410e5fe4d31db13692115529d34069a043c2",
                "sha256:9ca6883ce56b4e8da7e79ac18787889fa5206c79dcc67fb065376cd2fe03f342"
            ],
            "version": "==1.9.0"
        },
        "pyparsing": {
            "hashes": [
                "sha256:1060635ca5ac864c2b7bc7b05a448df4e32d7d8c65e33cbe1514810d339672a2",
                "sha256:56a551039101858c9e189ac9e66e330a03fb7079e97ba6b50193643905f450ce"
            ],
            "version": "==3.0.0a2"
        },
        "pytest": {
            "hashes": [
                "sha256:6ef6d06de77ce2961156013e9dff62f1b2688aa04d0dc244299fe7d67e09370d",
                "sha256:a736fed91c12681a7b34617c8fcefe39ea04599ca72c608751c31d89579a3f77"
            ],
            "index": "pypi",
            "version": "==5.0.1"
        },
        "six": {
            "hashes": [
                "sha256:30639c035cdb23534cd4aa2dd52c3bf48f06e5f4a941509c8bafd8ce11080259",
                "sha256:8b74bedcbbbaca38ff6d7491d76f2b06b3592611af620f8426e82dddb04a5ced"
            ],
            "version": "==1.15.0"
        },
        "wcwidth": {
            "hashes": [
                "sha256:beb4802a9cebb9144e99086eff703a642a13d6a0052920003a230f3294bbe784",
                "sha256:c4d647b99872929fdb7bdcaa4fbe7f01413ed3d98077df798530e5b04f116c83"
            ],
            "version": "==0.2.5"
        },
        "zipp": {
            "hashes": [
                "sha256:102c24ef8f171fd729d46599845e95c7ab894a4cf45f5de11a44cc7444fb1108",
                "sha256:ed5eee1974372595f9e416cc7bbeeb12335201d8081ca8a0743c954d4446e5cb"
            ],
            "version": "==3.4.0"
        }
    }
}
